
Microsoft Visual Studio Solution File, Format Version 12.00
# Visual Studio Version 17
VisualStudioVersion = 17.5.33627.172
MinimumVisualStudioVersion = 10.0.40219.1
Project("{F184B08F-C81C-45F6-A57F-5ABD9991F28F}") = "ID VERIFY", "ID VERIFY.vbproj", "{BD7DE777-5766-435E-A892-8088205FA901}"
EndProject
Global
	GlobalSection(SolutionConfigurationPlatforms) = preSolution
		Debug|Any CPU = Debug|Any CPU
		Release|Any CPU = Release|Any CPU
	EndGlobalSection
	GlobalSection(ProjectConfigurationPlatforms) = postSolution
		{BD7DE777-5766-435E-A892-8088205FA901}.Debug|Any CPU.ActiveCfg = Debug|Any CPU
		{BD7DE777-5766-435E-A892-8088205FA901}.Debug|Any CPU.Build.0 = Debug|Any CPU
		{BD7DE777-5766-435E-A892-8088205FA901}.Release|Any CPU.ActiveCfg = Release|Any CPU
		{BD7DE777-5766-435E-A892-8088205FA901}.Release|Any CPU.Build.0 = Release|Any CPU
	EndGlobalSection
	GlobalSection(SolutionProperties) = preSolution
		HideSolutionNode = FALSE
	EndGlobalSection
	GlobalSection(ExtensibilityGlobals) = postSolution
		SolutionGuid = {92AA589C-1FF2-4938-B922-4B3F33A6BAFC}
	EndGlobalSection
EndGlobal
